# This file is autogenerated, do not edit; changes may be undone by the next 'dep ensure'.


[[projects]]
  digest = "1:b24d38b282bacf9791408a080f606370efa3d364e4b5fd9ba0f7b87786d3b679"
  name = "github.com/urfave/cli"
  packages = ["."]
  pruneopts = "UT"
  revision = "cfb38830724cc34fedffe9a2a29fb54fa9169cd1"
  version = "v1.20.0"

[[projects]]
  branch = "master"
  digest = "1:3e4c7966b60df887418bf1b880be9a1e6c36f97ef40491b7bad72d21a4334cd0"
  name = "go.uber.org/ratelimit"
  packages = [
    ".",
    "internal/clock",
  ]
  pruneopts = "UT"
  revision = "c15da02342779cb6dc027fc95ee2277787698f36"

[solve-meta]
  analyzer-name = "dep"
  analyzer-version = 1
  input-imports = [
    "github.com/urfave/cli",
    "go.uber.org/ratelimit",
  ]
  solver-name = "gps-cdcl"
  solver-version = 1
